// !$*UTF8*$!
{
	archiveVersion = 1;
	classes = {
	};
	objectVersion = 56;
	objects = {

/* Begin PBXBuildFile section */
		A10299B32C041014007CC544 /* PositionObservingView.swift in Sources */ = {isa = PBXBuildFile; fileRef = A10299B22C041014007CC544 /* PositionObservingView.swift */; };
		A10299B52C04106F007CC544 /* OffsetObservingScrollView.swift in Sources */ = {isa = PBXBuildFile; fileRef = A10299B42C04106F007CC544 /* OffsetObservingScrollView.swift */; };
		A10299B72C0423D4007CC544 /* StoragesListView.swift in Sources */ = {isa = PBXBuildFile; fileRef = A10299B62C0423D4007CC544 /* StoragesListView.swift */; };
		A10299B92C042479007CC544 /* RoomsListView.swift in Sources */ = {isa = PBXBuildFile; fileRef = A10299B82C042479007CC544 /* RoomsListView.swift */; };
		A10299BC2C045F82007CC544 /* MainButtonStyle.swift in Sources */ = {isa = PBXBuildFile; fileRef = A10299BB2C045F82007CC544 /* MainButtonStyle.swift */; };
		A10299BF2C04AF9F007CC544 /* NewRoomView.swift in Sources */ = {isa = PBXBuildFile; fileRef = A10299BE2C04AF9F007CC544 /* NewRoomView.swift */; };
		A10299C52C04B744007CC544 /* StringRepresentable.swift in Sources */ = {isa = PBXBuildFile; fileRef = A10299C42C04B744007CC544 /* StringRepresentable.swift */; };
		A10299C72C04B7F8007CC544 /* ItemPickerView.swift in Sources */ = {isa = PBXBuildFile; fileRef = A10299C62C04B7F8007CC544 /* ItemPickerView.swift */; };
		A10299C92C054A59007CC544 /* MultipleItemsPickerView.swift in Sources */ = {isa = PBXBuildFile; fileRef = A10299C82C054A59007CC544 /* MultipleItemsPickerView.swift */; };
		A11FA90F2BF227B700962F67 /* MyPlacesView.swift in Sources */ = {isa = PBXBuildFile; fileRef = A11FA90E2BF227B700962F67 /* MyPlacesView.swift */; };
		A11FA9122BF2287200962F67 /* StorageDetailsView.swift in Sources */ = {isa = PBXBuildFile; fileRef = A11FA9112BF2287200962F67 /* StorageDetailsView.swift */; };
		A121D9C52C02B81500A30627 /* NewStorageView.swift in Sources */ = {isa = PBXBuildFile; fileRef = A121D9C42C02B81500A30627 /* NewStorageView.swift */; };
		A121D9C72C02B85900A30627 /* StoragesViewModel.swift in Sources */ = {isa = PBXBuildFile; fileRef = A121D9C62C02B85900A30627 /* StoragesViewModel.swift */; };
		A121D9C92C02BE8200A30627 /* RoomsViewModel.swift in Sources */ = {isa = PBXBuildFile; fileRef = A121D9C82C02BE8200A30627 /* RoomsViewModel.swift */; };
		A13147932BF07061001A7AAF /* HomeLibraryApp.swift in Sources */ = {isa = PBXBuildFile; fileRef = A13147922BF07061001A7AAF /* HomeLibraryApp.swift */; };
		A13147952BF07061001A7AAF /* ContentView.swift in Sources */ = {isa = PBXBuildFile; fileRef = A13147942BF07061001A7AAF /* ContentView.swift */; };
		A13147972BF07062001A7AAF /* Assets.xcassets in Resources */ = {isa = PBXBuildFile; fileRef = A13147962BF07062001A7AAF /* Assets.xcassets */; };
		A131479A2BF07062001A7AAF /* Preview Assets.xcassets in Resources */ = {isa = PBXBuildFile; fileRef = A13147992BF07062001A7AAF /* Preview Assets.xcassets */; };
		A13147A22BF0709E001A7AAF /* Author.swift in Sources */ = {isa = PBXBuildFile; fileRef = A13147A12BF0709E001A7AAF /* Author.swift */; };
		A13147A42BF0715B001A7AAF /* Book.swift in Sources */ = {isa = PBXBuildFile; fileRef = A13147A32BF0715B001A7AAF /* Book.swift */; };
		A13147A62BF071EE001A7AAF /* Series.swift in Sources */ = {isa = PBXBuildFile; fileRef = A13147A52BF071EE001A7AAF /* Series.swift */; };
		A13147A82BF0743A001A7AAF /* MyStorage.swift in Sources */ = {isa = PBXBuildFile; fileRef = A13147A72BF0743A001A7AAF /* MyStorage.swift */; };
		A13147AA2BF07440001A7AAF /* Room.swift in Sources */ = {isa = PBXBuildFile; fileRef = A13147A92BF07440001A7AAF /* Room.swift */; };
		A13147AC2BF09F3A001A7AAF /* Genre.swift in Sources */ = {isa = PBXBuildFile; fileRef = A13147AB2BF09F3A001A7AAF /* Genre.swift */; };
/* End PBXBuildFile section */

/* Begin PBXFileReference section */
		A10299B22C041014007CC544 /* PositionObservingView.swift */ = {isa = PBXFileReference; lastKnownFileType = sourcecode.swift; path = PositionObservingView.swift; sourceTree = "<group>"; };
		A10299B42C04106F007CC544 /* OffsetObservingScrollView.swift */ = {isa = PBXFileReference; lastKnownFileType = sourcecode.swift; path = OffsetObservingScrollView.swift; sourceTree = "<group>"; };
		A10299B62C0423D4007CC544 /* StoragesListView.swift */ = {isa = PBXFileReference; lastKnownFileType = sourcecode.swift; path = StoragesListView.swift; sourceTree = "<group>"; };
		A10299B82C042479007CC544 /* RoomsListView.swift */ = {isa = PBXFileReference; lastKnownFileType = sourcecode.swift; path = RoomsListView.swift; sourceTree = "<group>"; };
		A10299BB2C045F82007CC544 /* MainButtonStyle.swift */ = {isa = PBXFileReference; lastKnownFileType = sourcecode.swift; path = MainButtonStyle.swift; sourceTree = "<group>"; };
		A10299BE2C04AF9F007CC544 /* NewRoomView.swift */ = {isa = PBXFileReference; lastKnownFileType = sourcecode.swift; path = NewRoomView.swift; sourceTree = "<group>"; };
		A10299C42C04B744007CC544 /* StringRepresentable.swift */ = {isa = PBXFileReference; lastKnownFileType = sourcecode.swift; path = StringRepresentable.swift; sourceTree = "<group>"; };
		A10299C62C04B7F8007CC544 /* ItemPickerView.swift */ = {isa = PBXFileReference; lastKnownFileType = sourcecode.swift; path = ItemPickerView.swift; sourceTree = "<group>"; };
		A10299C82C054A59007CC544 /* MultipleItemsPickerView.swift */ = {isa = PBXFileReference; lastKnownFileType = sourcecode.swift; path = MultipleItemsPickerView.swift; sourceTree = "<group>"; };
		A11FA90E2BF227B700962F67 /* MyPlacesView.swift */ = {isa = PBXFileReference; lastKnownFileType = sourcecode.swift; path = MyPlacesView.swift; sourceTree = "<group>"; };
		A11FA9112BF2287200962F67 /* StorageDetailsView.swift */ = {isa = PBXFileReference; lastKnownFileType = sourcecode.swift; path = StorageDetailsView.swift; sourceTree = "<group>"; };
		A121D9C42C02B81500A30627 /* NewStorageView.swift */ = {isa = PBXFileReference; lastKnownFileType = sourcecode.swift; path = NewStorageView.swift; sourceTree = "<group>"; };
		A121D9C62C02B85900A30627 /* StoragesViewModel.swift */ = {isa = PBXFileReference; lastKnownFileType = sourcecode.swift; path = StoragesViewModel.swift; sourceTree = "<group>"; };
		A121D9C82C02BE8200A30627 /* RoomsViewModel.swift */ = {isa = PBXFileReference; lastKnownFileType = sourcecode.swift; path = RoomsViewModel.swift; sourceTree = "<group>"; };
		A131478F2BF07061001A7AAF /* HomeLibrary.app */ = {isa = PBXFileReference; explicitFileType = wrapper.application; includeInIndex = 0; path = HomeLibrary.app; sourceTree = BUILT_PRODUCTS_DIR; };
		A13147922BF07061001A7AAF /* HomeLibraryApp.swift */ = {isa = PBXFileReference; lastKnownFileType = sourcecode.swift; path = HomeLibraryApp.swift; sourceTree = "<group>"; };
		A13147942BF07061001A7AAF /* ContentView.swift */ = {isa = PBXFileReference; lastKnownFileType = sourcecode.swift; path = ContentView.swift; sourceTree = "<group>"; };
		A13147962BF07062001A7AAF /* Assets.xcassets */ = {isa = PBXFileReference; lastKnownFileType = folder.assetcatalog; path = Assets.xcassets; sourceTree = "<group>"; };
		A13147992BF07062001A7AAF /* Preview Assets.xcassets */ = {isa = PBXFileReference; lastKnownFileType = folder.assetcatalog; path = "Preview Assets.xcassets"; sourceTree = "<group>"; };
		A13147A12BF0709E001A7AAF /* Author.swift */ = {isa = PBXFileReference; lastKnownFileType = sourcecode.swift; path = Author.swift; sourceTree = "<group>"; };
		A13147A32BF0715B001A7AAF /* Book.swift */ = {isa = PBXFileReference; lastKnownFileType = sourcecode.swift; path = Book.swift; sourceTree = "<group>"; };
		A13147A52BF071EE001A7AAF /* Series.swift */ = {isa = PBXFileReference; lastKnownFileType = sourcecode.swift; path = Series.swift; sourceTree = "<group>"; };
		A13147A72BF0743A001A7AAF /* MyStorage.swift */ = {isa = PBXFileReference; lastKnownFileType = sourcecode.swift; path = MyStorage.swift; sourceTree = "<group>"; };
		A13147A92BF07440001A7AAF /* Room.swift */ = {isa = PBXFileReference; lastKnownFileType = sourcecode.swift; path = Room.swift; sourceTree = "<group>"; };
		A13147AB2BF09F3A001A7AAF /* Genre.swift */ = {isa = PBXFileReference; lastKnownFileType = sourcecode.swift; path = Genre.swift; sourceTree = "<group>"; };
/* End PBXFileReference section */

/* Begin PBXFrameworksBuildPhase section */
		A131478C2BF07061001A7AAF /* Frameworks */ = {
			isa = PBXFrameworksBuildPhase;
			buildActionMask = 2147483647;
			files = (
			);
			runOnlyForDeploymentPostprocessing = 0;
		};
/* End PBXFrameworksBuildPhase section */

/* Begin PBXGroup section */
		A10299BA2C045F05007CC544 /* Storages */ = {
			isa = PBXGroup;
			children = (
				A121D9C42C02B81500A30627 /* NewStorageView.swift */,
				A11FA9112BF2287200962F67 /* StorageDetailsView.swift */,
				A10299B62C0423D4007CC544 /* StoragesListView.swift */,
				A121D9C62C02B85900A30627 /* StoragesViewModel.swift */,
			);
			path = Storages;
			sourceTree = "<group>";
		};
		A10299BD2C046350007CC544 /* Rooms */ = {
			isa = PBXGroup;
			children = (
				A10299B82C042479007CC544 /* RoomsListView.swift */,
				A10299BE2C04AF9F007CC544 /* NewRoomView.swift */,
				A121D9C82C02BE8200A30627 /* RoomsViewModel.swift */,
			);
			path = Rooms;
			sourceTree = "<group>";
		};
		A10299C32C04B729007CC544 /* Protocols */ = {
			isa = PBXGroup;
			children = (
				A10299C42C04B744007CC544 /* StringRepresentable.swift */,
			);
			path = Protocols;
			sourceTree = "<group>";
		};
		A10299CA2C054B79007CC544 /* ItemPickers */ = {
			isa = PBXGroup;
			children = (
				A10299C62C04B7F8007CC544 /* ItemPickerView.swift */,
				A10299C82C054A59007CC544 /* MultipleItemsPickerView.swift */,
			);
			path = ItemPickers;
			sourceTree = "<group>";
		};
		A11FA9102BF227BC00962F67 /* MyPlaces */ = {
			isa = PBXGroup;
			children = (
				A10299BD2C046350007CC544 /* Rooms */,
				A10299BA2C045F05007CC544 /* Storages */,
				A11FA90E2BF227B700962F67 /* MyPlacesView.swift */,
			);
			path = MyPlaces;
			sourceTree = "<group>";
		};
		A13147862BF07061001A7AAF = {
			isa = PBXGroup;
			children = (
				A13147912BF07061001A7AAF /* HomeLibrary */,
				A13147902BF07061001A7AAF /* Products */,
			);
			sourceTree = "<group>";
		};
		A13147902BF07061001A7AAF /* Products */ = {
			isa = PBXGroup;
			children = (
				A131478F2BF07061001A7AAF /* HomeLibrary.app */,
			);
			name = Products;
			sourceTree = "<group>";
		};
		A13147912BF07061001A7AAF /* HomeLibrary */ = {
			isa = PBXGroup;
			children = (
				A13147922BF07061001A7AAF /* HomeLibraryApp.swift */,
				A13147942BF07061001A7AAF /* ContentView.swift */,
				A13147AD2BF0DA5B001A7AAF /* Views */,
				A13147A02BF07097001A7AAF /* Models */,
				A13147962BF07062001A7AAF /* Assets.xcassets */,
				A13147982BF07062001A7AAF /* Preview Content */,
			);
			path = HomeLibrary;
			sourceTree = "<group>";
		};
		A13147982BF07062001A7AAF /* Preview Content */ = {
			isa = PBXGroup;
			children = (
				A13147992BF07062001A7AAF /* Preview Assets.xcassets */,
			);
			path = "Preview Content";
			sourceTree = "<group>";
		};
		A13147A02BF07097001A7AAF /* Models */ = {
			isa = PBXGroup;
			children = (
				A10299C32C04B729007CC544 /* Protocols */,
				A13147A12BF0709E001A7AAF /* Author.swift */,
				A13147A52BF071EE001A7AAF /* Series.swift */,
				A13147A32BF0715B001A7AAF /* Book.swift */,
				A13147AB2BF09F3A001A7AAF /* Genre.swift */,
				A13147A72BF0743A001A7AAF /* MyStorage.swift */,
				A13147A92BF07440001A7AAF /* Room.swift */,
			);
			path = Models;
			sourceTree = "<group>";
		};
		A13147AD2BF0DA5B001A7AAF /* Views */ = {
			isa = PBXGroup;
			children = (
				A10299CA2C054B79007CC544 /* ItemPickers */,
				A11FA9102BF227BC00962F67 /* MyPlaces */,
				A10299B22C041014007CC544 /* PositionObservingView.swift */,
				A10299B42C04106F007CC544 /* OffsetObservingScrollView.swift */,
				A10299BB2C045F82007CC544 /* MainButtonStyle.swift */,
			);
			path = Views;
			sourceTree = "<group>";
		};
/* End PBXGroup section */

/* Begin PBXNativeTarget section */
		A131478E2BF07061001A7AAF /* HomeLibrary */ = {
			isa = PBXNativeTarget;
			buildConfigurationList = A131479D2BF07062001A7AAF /* Build configuration list for PBXNativeTarget "HomeLibrary" */;
			buildPhases = (
				A131478B2BF07061001A7AAF /* Sources */,
				A131478C2BF07061001A7AAF /* Frameworks */,
				A131478D2BF07061001A7AAF /* Resources */,
			);
			buildRules = (
			);
			dependencies = (
			);
			name = HomeLibrary;
			productName = HomeLibrary;
			productReference = A131478F2BF07061001A7AAF /* HomeLibrary.app */;
			productType = "com.apple.product-type.application";
		};
/* End PBXNativeTarget section */

/* Begin PBXProject section */
		A13147872BF07061001A7AAF /* Project object */ = {
			isa = PBXProject;
			attributes = {
				BuildIndependentTargetsInParallel = 1;
				LastSwiftUpdateCheck = 1530;
				LastUpgradeCheck = 1530;
				TargetAttributes = {
					A131478E2BF07061001A7AAF = {
						CreatedOnToolsVersion = 15.3;
					};
				};
			};
			buildConfigurationList = A131478A2BF07061001A7AAF /* Build configuration list for PBXProject "HomeLibrary" */;
			compatibilityVersion = "Xcode 14.0";
			developmentRegion = en;
			hasScannedForEncodings = 0;
			knownRegions = (
				en,
				Base,
			);
			mainGroup = A13147862BF07061001A7AAF;
			productRefGroup = A13147902BF07061001A7AAF /* Products */;
			projectDirPath = "";
			projectRoot = "";
			targets = (
				A131478E2BF07061001A7AAF /* HomeLibrary */,
			);
		};
/* End PBXProject section */

/* Begin PBXResourcesBuildPhase section */
		A131478D2BF07061001A7AAF /* Resources */ = {
			isa = PBXResourcesBuildPhase;
			buildActionMask = 2147483647;
			files = (
				A131479A2BF07062001A7AAF /* Preview Assets.xcassets in Resources */,
				A13147972BF07062001A7AAF /* Assets.xcassets in Resources */,
			);
			runOnlyForDeploymentPostprocessing = 0;
		};
/* End PBXResourcesBuildPhase section */

/* Begin PBXSourcesBuildPhase section */
		A131478B2BF07061001A7AAF /* Sources */ = {
			isa = PBXSourcesBuildPhase;
			buildActionMask = 2147483647;
			files = (
				A10299B72C0423D4007CC544 /* StoragesListView.swift in Sources */,
				A13147A42BF0715B001A7AAF /* Book.swift in Sources */,
				A13147A22BF0709E001A7AAF /* Author.swift in Sources */,
				A10299C52C04B744007CC544 /* StringRepresentable.swift in Sources */,
				A13147AA2BF07440001A7AAF /* Room.swift in Sources */,
				A11FA90F2BF227B700962F67 /* MyPlacesView.swift in Sources */,
				A121D9C72C02B85900A30627 /* StoragesViewModel.swift in Sources */,
				A13147952BF07061001A7AAF /* ContentView.swift in Sources */,
				A10299BF2C04AF9F007CC544 /* NewRoomView.swift in Sources */,
				A10299B52C04106F007CC544 /* OffsetObservingScrollView.swift in Sources */,
				A10299C72C04B7F8007CC544 /* ItemPickerView.swift in Sources */,
				A10299C92C054A59007CC544 /* MultipleItemsPickerView.swift in Sources */,
				A13147932BF07061001A7AAF /* HomeLibraryApp.swift in Sources */,
				A10299B32C041014007CC544 /* PositionObservingView.swift in Sources */,
				A13147A62BF071EE001A7AAF /* Series.swift in Sources */,
				A11FA9122BF2287200962F67 /* StorageDetailsView.swift in Sources */,
				A13147A82BF0743A001A7AAF /* MyStorage.swift in Sources */,
				A13147AC2BF09F3A001A7AAF /* Genre.swift in Sources */,
				A10299BC2C045F82007CC544 /* MainButtonStyle.swift in Sources */,
				A10299B92C042479007CC544 /* RoomsListView.swift in Sources */,
				A121D9C52C02B81500A30627 /* NewStorageView.swift in Sources */,
				A121D9C92C02BE8200A30627 /* RoomsViewModel.swift in Sources */,
			);
			runOnlyForDeploymentPostprocessing = 0;
		};
/* End PBXSourcesBuildPhase section */

/* Begin XCBuildConfiguration section */
		A131479B2BF07062001A7AAF /* Debug */ = {
			isa = XCBuildConfiguration;
			buildSettings = {
				ALWAYS_SEARCH_USER_PATHS = NO;
				ASSETCATALOG_COMPILER_GENERATE_SWIFT_ASSET_SYMBOL_EXTENSIONS = YES;
				CLANG_ANALYZER_NONNULL = YES;
				CLANG_ANALYZER_NUMBER_OBJECT_CONVERSION = YES_AGGRESSIVE;
				CLANG_CXX_LANGUAGE_STANDARD = "gnu++20";
				CLANG_ENABLE_MODULES = YES;
				CLANG_ENABLE_OBJC_ARC = YES;
				CLANG_ENABLE_OBJC_WEAK = YES;
				CLANG_WARN_BLOCK_CAPTURE_AUTORELEASING = YES;
				CLANG_WARN_BOOL_CONVERSION = YES;
				CLANG_WARN_COMMA = YES;
				CLANG_WARN_CONSTANT_CONVERSION = YES;
				CLANG_WARN_DEPRECATED_OBJC_IMPLEMENTATIONS = YES;
				CLANG_WARN_DIRECT_OBJC_ISA_USAGE = YES_ERROR;
				CLANG_WARN_DOCUMENTATION_COMMENTS = YES;
				CLANG_WARN_EMPTY_BODY = YES;
				CLANG_WARN_ENUM_CONVERSION = YES;
				CLANG_WARN_INFINITE_RECURSION = YES;
				CLANG_WARN_INT_CONVERSION = YES;
				CLANG_WARN_NON_LITERAL_NULL_CONVERSION = YES;
				CLANG_WARN_OBJC_IMPLICIT_RETAIN_SELF = YES;
				CLANG_WARN_OBJC_LITERAL_CONVERSION = YES;
				CLANG_WARN_OBJC_ROOT_CLASS = YES_ERROR;
				CLANG_WARN_QUOTED_INCLUDE_IN_FRAMEWORK_HEADER = YES;
				CLANG_WARN_RANGE_LOOP_ANALYSIS = YES;
				CLANG_WARN_STRICT_PROTOTYPES = YES;
				CLANG_WARN_SUSPICIOUS_MOVE = YES;
				CLANG_WARN_UNGUARDED_AVAILABILITY = YES_AGGRESSIVE;
				CLANG_WARN_UNREACHABLE_CODE = YES;
				CLANG_WARN__DUPLICATE_METHOD_MATCH = YES;
				COPY_PHASE_STRIP = NO;
				DEBUG_INFORMATION_FORMAT = dwarf;
				ENABLE_STRICT_OBJC_MSGSEND = YES;
				ENABLE_TESTABILITY = YES;
				ENABLE_USER_SCRIPT_SANDBOXING = YES;
				GCC_C_LANGUAGE_STANDARD = gnu17;
				GCC_DYNAMIC_NO_PIC = NO;
				GCC_NO_COMMON_BLOCKS = YES;
				GCC_OPTIMIZATION_LEVEL = 0;
				GCC_PREPROCESSOR_DEFINITIONS = (
					"DEBUG=1",
					"$(inherited)",
				);
				GCC_WARN_64_TO_32_BIT_CONVERSION = YES;
				GCC_WARN_ABOUT_RETURN_TYPE = YES_ERROR;
				GCC_WARN_UNDECLARED_SELECTOR = YES;
				GCC_WARN_UNINITIALIZED_AUTOS = YES_AGGRESSIVE;
				GCC_WARN_UNUSED_FUNCTION = YES;
				GCC_WARN_UNUSED_VARIABLE = YES;
				IPHONEOS_DEPLOYMENT_TARGET = 17.4;
				LOCALIZATION_PREFERS_STRING_CATALOGS = YES;
				MTL_ENABLE_DEBUG_INFO = INCLUDE_SOURCE;
				MTL_FAST_MATH = YES;
				ONLY_ACTIVE_ARCH = YES;
				SDKROOT = iphoneos;
				SWIFT_ACTIVE_COMPILATION_CONDITIONS = "DEBUG $(inherited)";
				SWIFT_OPTIMIZATION_LEVEL = "-Onone";
			};
			name = Debug;
		};
		A131479C2BF07062001A7AAF /* Release */ = {
			isa = XCBuildConfiguration;
			buildSettings = {
				ALWAYS_SEARCH_USER_PATHS = NO;
				ASSETCATALOG_COMPILER_GENERATE_SWIFT_ASSET_SYMBOL_EXTENSIONS = YES;
				CLANG_ANALYZER_NONNULL = YES;
				CLANG_ANALYZER_NUMBER_OBJECT_CONVERSION = YES_AGGRESSIVE;
				CLANG_CXX_LANGUAGE_STANDARD = "gnu++20";
				CLANG_ENABLE_MODULES = YES;
				CLANG_ENABLE_OBJC_ARC = YES;
				CLANG_ENABLE_OBJC_WEAK = YES;
				CLANG_WARN_BLOCK_CAPTURE_AUTORELEASING = YES;
				CLANG_WARN_BOOL_CONVERSION = YES;
				CLANG_WARN_COMMA = YES;
				CLANG_WARN_CONSTANT_CONVERSION = YES;
				CLANG_WARN_DEPRECATED_OBJC_IMPLEMENTATIONS = YES;
				CLANG_WARN_DIRECT_OBJC_ISA_USAGE = YES_ERROR;
				CLANG_WARN_DOCUMENTATION_COMMENTS = YES;
				CLANG_WARN_EMPTY_BODY = YES;
				CLANG_WARN_ENUM_CONVERSION = YES;
				CLANG_WARN_INFINITE_RECURSION = YES;
				CLANG_WARN_INT_CONVERSION = YES;
				CLANG_WARN_NON_LITERAL_NULL_CONVERSION = YES;
				CLANG_WARN_OBJC_IMPLICIT_RETAIN_SELF = YES;
				CLANG_WARN_OBJC_LITERAL_CONVERSION = YES;
				CLANG_WARN_OBJC_ROOT_CLASS = YES_ERROR;
				CLANG_WARN_QUOTED_INCLUDE_IN_FRAMEWORK_HEADER = YES;
				CLANG_WARN_RANGE_LOOP_ANALYSIS = YES;
				CLANG_WARN_STRICT_PROTOTYPES = YES;
				CLANG_WARN_SUSPICIOUS_MOVE = YES;
				CLANG_WARN_UNGUARDED_AVAILABILITY = YES_AGGRESSIVE;
				CLANG_WARN_UNREACHABLE_CODE = YES;
				CLANG_WARN__DUPLICATE_METHOD_MATCH = YES;
				COPY_PHASE_STRIP = NO;
				DEBUG_INFORMATION_FORMAT = "dwarf-with-dsym";
				ENABLE_NS_ASSERTIONS = NO;
				ENABLE_STRICT_OBJC_MSGSEND = YES;
				ENABLE_USER_SCRIPT_SANDBOXING = YES;
				GCC_C_LANGUAGE_STANDARD = gnu17;
				GCC_NO_COMMON_BLOCKS = YES;
				GCC_WARN_64_TO_32_BIT_CONVERSION = YES;
				GCC_WARN_ABOUT_RETURN_TYPE = YES_ERROR;
				GCC_WARN_UNDECLARED_SELECTOR = YES;
				GCC_WARN_UNINITIALIZED_AUTOS = YES_AGGRESSIVE;
				GCC_WARN_UNUSED_FUNCTION = YES;
				GCC_WARN_UNUSED_VARIABLE = YES;
				IPHONEOS_DEPLOYMENT_TARGET = 17.4;
				LOCALIZATION_PREFERS_STRING_CATALOGS = YES;
				MTL_ENABLE_DEBUG_INFO = NO;
				MTL_FAST_MATH = YES;
				SDKROOT = iphoneos;
				SWIFT_COMPILATION_MODE = wholemodule;
				VALIDATE_PRODUCT = YES;
			};
			name = Release;
		};
		A131479E2BF07062001A7AAF /* Debug */ = {
			isa = XCBuildConfiguration;
			buildSettings = {
				ASSETCATALOG_COMPILER_APPICON_NAME = AppIcon;
				ASSETCATALOG_COMPILER_GLOBAL_ACCENT_COLOR_NAME = AccentColor;
				CODE_SIGN_STYLE = Automatic;
				CURRENT_PROJECT_VERSION = 1;
				DEVELOPMENT_ASSET_PATHS = "\"HomeLibrary/Preview Content\"";
				DEVELOPMENT_TEAM = F46R5F3SAC;
				ENABLE_PREVIEWS = YES;
				GENERATE_INFOPLIST_FILE = YES;
				INFOPLIST_KEY_UIApplicationSceneManifest_Generation = YES;
				INFOPLIST_KEY_UIApplicationSupportsIndirectInputEvents = YES;
				INFOPLIST_KEY_UILaunchScreen_Generation = YES;
				INFOPLIST_KEY_UISupportedInterfaceOrientations_iPad = "UIInterfaceOrientationPortrait UIInterfaceOrientationPortraitUpsideDown UIInterfaceOrientationLandscapeLeft UIInterfaceOrientationLandscapeRight";
				INFOPLIST_KEY_UISupportedInterfaceOrientations_iPhone = "UIInterfaceOrientationPortrait UIInterfaceOrientationLandscapeLeft UIInterfaceOrientationLandscapeRight";
				IPHONEOS_DEPLOYMENT_TARGET = 15.0;
				LD_RUNPATH_SEARCH_PATHS = (
					"$(inherited)",
					"@executable_path/Frameworks",
				);
				MARKETING_VERSION = 1.0;
				PRODUCT_BUNDLE_IDENTIFIER = com.comp.HomeLibrary;
				PRODUCT_NAME = "$(TARGET_NAME)";
				SWIFT_EMIT_LOC_STRINGS = YES;
				SWIFT_VERSION = 5.0;
				TARGETED_DEVICE_FAMILY = "1,2";
			};
			name = Debug;
		};
		A131479F2BF07062001A7AAF /* Release */ = {
			isa = XCBuildConfiguration;
			buildSettings = {
				ASSETCATALOG_COMPILER_APPICON_NAME = AppIcon;
				ASSETCATALOG_COMPILER_GLOBAL_ACCENT_COLOR_NAME = AccentColor;
				CODE_SIGN_STYLE = Automatic;
				CURRENT_PROJECT_VERSION = 1;
				DEVELOPMENT_ASSET_PATHS = "\"HomeLibrary/Preview Content\"";
				DEVELOPMENT_TEAM = F46R5F3SAC;
				ENABLE_PREVIEWS = YES;
				GENERATE_INFOPLIST_FILE = YES;
				INFOPLIST_KEY_UIApplicationSceneManifest_Generation = YES;
				INFOPLIST_KEY_UIApplicationSupportsIndirectInputEvents = YES;
				INFOPLIST_KEY_UILaunchScreen_Generation = YES;
				INFOPLIST_KEY_UISupportedInterfaceOrientations_iPad = "UIInterfaceOrientationPortrait UIInterfaceOrientationPortraitUpsideDown UIInterfaceOrientationLandscapeLeft UIInterfaceOrientationLandscapeRight";
				INFOPLIST_KEY_UISupportedInterfaceOrientations_iPhone = "UIInterfaceOrientationPortrait UIInterfaceOrientationLandscapeLeft UIInterfaceOrientationLandscapeRight";
				IPHONEOS_DEPLOYMENT_TARGET = 15.0;
				LD_RUNPATH_SEARCH_PATHS = (
					"$(inherited)",
					"@executable_path/Frameworks",
				);
				MARKETING_VERSION = 1.0;
				PRODUCT_BUNDLE_IDENTIFIER = com.comp.HomeLibrary;
				PRODUCT_NAME = "$(TARGET_NAME)";
				SWIFT_EMIT_LOC_STRINGS = YES;
				SWIFT_VERSION = 5.0;
				TARGETED_DEVICE_FAMILY = "1,2";
			};
			name = Release;
		};
/* End XCBuildConfiguration section */

/* Begin XCConfigurationList section */
		A131478A2BF07061001A7AAF /* Build configuration list for PBXProject "HomeLibrary" */ = {
			isa = XCConfigurationList;
			buildConfigurations = (
				A131479B2BF07062001A7AAF /* Debug */,
				A131479C2BF07062001A7AAF /* Release */,
			);
			defaultConfigurationIsVisible = 0;
			defaultConfigurationName = Release;
		};
		A131479D2BF07062001A7AAF /* Build configuration list for PBXNativeTarget "HomeLibrary" */ = {
			isa = XCConfigurationList;
			buildConfigurations = (
				A131479E2BF07062001A7AAF /* Debug */,
				A131479F2BF07062001A7AAF /* Release */,
			);
			defaultConfigurationIsVisible = 0;
			defaultConfigurationName = Release;
		};
/* End XCConfigurationList section */
	};
	rootObject = A13147872BF07061001A7AAF /* Project object */;
}
